{
  "name": "st-basename",
  "version": "1.0.1",
  "lockfileVersion": 1,
  "requires": true,
  "dependencies": {
    "spacetime": {
      "version": "5.4.0",
      "resolved": "https://registry.npmjs.org/spacetime/-/spacetime-5.4.0.tgz",
      "integrity": "sha512-0E76fB3c+rWi7y5NOWtBvUU+1nYMo2bleU61uukgi2e0HwuF5vnuhQpM0W57/xd9jkg2iz26HW0QHjPmtjf4pw=="
    }
  }
}
